
Microsoft Visual Studio Solution File, Format Version 12.00
# Visual Studio Version 16
VisualStudioVersion = 16.0.30011.22
MinimumVisualStudioVersion = 10.0.40219.1
Project("{9A19103F-16F7-4668-BE54-9A1E7A4F7556}") = "SmarterTomorrow", "SmarterTomorrow\SmarterTomorrow.csproj", "{8465B5C0-CCCF-40FE-9911-BCE4E91F34FB}"
EndProject
Global
	GlobalSection(SolutionConfigurationPlatforms) = preSolution
		Debug|Any CPU = Debug|Any CPU
		Release|Any CPU = Release|Any CPU
	EndGlobalSection
	GlobalSection(ProjectConfigurationPlatforms) = postSolution
		{8465B5C0-CCCF-40FE-9911-BCE4E91F34FB}.Debug|Any CPU.ActiveCfg = Debug|Any CPU
		{8465B5C0-CCCF-40FE-9911-BCE4E91F34FB}.Debug|Any CPU.Build.0 = Debug|Any CPU
		{8465B5C0-CCCF-40FE-9911-BCE4E91F34FB}.Release|Any CPU.ActiveCfg = Release|Any CPU
		{8465B5C0-CCCF-40FE-9911-BCE4E91F34FB}.Release|Any CPU.Build.0 = Release|Any CPU
	EndGlobalSection
	GlobalSection(SolutionProperties) = preSolution
		HideSolutionNode = FALSE
	EndGlobalSection
	GlobalSection(ExtensibilityGlobals) = postSolution
		SolutionGuid = {2E8D3BA9-1A72-4C38-954E-0409A35E5582}
	EndGlobalSection
EndGlobal
